{
    "_readme": [
        "This file locks the dependencies of your project to a known state",
        "Read more about it at http://getcomposer.org/doc/01-basic-usage.md#composer-lock-the-lock-file"
    ],
    "hash": "c7f8fcd7697979a45e03bfa70cc0fb0f",
    "packages": [
        {
            "name": "doctrine/collections",
            "version": "dev-master",
            "source": {
                "type": "git",
                "url": "https://github.com/doctrine/collections.git",
                "reference": "e6d8f1240e10f268c8e8c30e9e88a12853f84695"
            },
            "dist": {
                "type": "zip",
                "url": "https://api.github.com/repos/doctrine/collections/zipball/e6d8f1240e10f268c8e8c30e9e88a12853f84695",
                "reference": "e6d8f1240e10f268c8e8c30e9e88a12853f84695",
                "shasum": ""
            },
            "require": {
                "php": ">=5.3.2"
            },
            "type": "library",
            "extra": {
                "branch-alias": {
                    "dev-master": "1.2.x-dev"
                }
            },
            "autoload": {
                "psr-0": {
                    "Doctrine\\Common\\Collections\\": "lib/"
                }
            },
            "notification-url": "https://packagist.org/downloads/",
            "license": [
                "MIT"
            ],
            "authors": [
                {
                    "name": "Jonathan Wage",
                    "email": "jonwage@gmail.com",
                    "homepage": "http://www.jwage.com/",
                    "role": "Creator"
                },
                {
                    "name": "Guilherme Blanco",
                    "email": "guilhermeblanco@gmail.com",
                    "homepage": "http://www.instaclick.com"
                },
                {
                    "name": "Roman Borschel",
                    "email": "roman@code-factory.org"
                },
                {
                    "name": "Benjamin Eberlei",
                    "email": "kontakt@beberlei.de"
                },
                {
                    "name": "Johannes Schmitt",
                    "email": "schmittjoh@gmail.com",
                    "homepage": "http://jmsyst.com",
                    "role": "Developer of wrapped JMSSerializerBundle"
                }
            ],
            "description": "Collections Abstraction library",
            "homepage": "http://www.doctrine-project.org",
            "keywords": [
                "array",
                "collections",
                "iterator"
            ],
            "time": "2014-01-01 23:58:38"
        },
        {
            "name": "michaldudek/foundation",
            "version": "dev-master",
            "source": {
                "type": "git",
                "url": "https://github.com/michaldudek/Foundation.git",
                "reference": "dd4da90bf7152485e0a32d9b2c6c1c816a34fd25"
            },
            "dist": {
                "type": "zip",
                "url": "https://api.github.com/repos/michaldudek/Foundation/zipball/dd4da90bf7152485e0a32d9b2c6c1c816a34fd25",
                "reference": "dd4da90bf7152485e0a32d9b2c6c1c816a34fd25",
                "shasum": ""
            },
            "require": {
                "php": ">=5.3.3"
            },
            "type": "library",
            "autoload": {
                "psr-0": {
                    "MD\\Foundation\\Tests": "tests/",
                    "MD\\Foundation": "src/"
                },
                "files": [
                    "src/constants.php",
                    "src/MD/functions.php"
                ]
            },
            "notification-url": "https://packagist.org/downloads/",
            "license": [
                "MIT"
            ],
            "authors": [
                {
                    "name": "Michał Dudek",
                    "email": "michal@michaldudek.pl"
                }
            ],
            "description": "A set of useful PHP functions and (mostly static) classes.",
            "keywords": [
                "array",
                "foundation",
                "object",
                "string",
                "tools",
                "utils"
            ],
            "time": "2014-01-02 00:58:09"
        }
    ],
    "packages-dev": [
        {
            "name": "guzzle/guzzle",
            "version": "dev-master",
            "source": {
                "type": "git",
                "url": "https://github.com/guzzle/guzzle.git",
                "reference": "dce090bdeeea701bb95f68f2ea66b4e532c68207"
            },
            "dist": {
                "type": "zip",
                "url": "https://api.github.com/repos/guzzle/guzzle/zipball/dce090bdeeea701bb95f68f2ea66b4e532c68207",
                "reference": "dce090bdeeea701bb95f68f2ea66b4e532c68207",
                "shasum": ""
            },
            "require": {
                "ext-curl": "*",
                "php": ">=5.3.3",
                "symfony/event-dispatcher": ">=2.1"
            },
            "replace": {
                "guzzle/batch": "self.version",
                "guzzle/cache": "self.version",
                "guzzle/common": "self.version",
                "guzzle/http": "self.version",
                "guzzle/inflection": "self.version",
                "guzzle/iterator": "self.version",
                "guzzle/log": "self.version",
                "guzzle/parser": "self.version",
                "guzzle/plugin": "self.version",
                "guzzle/plugin-async": "self.version",
                "guzzle/plugin-backoff": "self.version",
                "guzzle/plugin-cache": "self.version",
                "guzzle/plugin-cookie": "self.version",
                "guzzle/plugin-curlauth": "self.version",
                "guzzle/plugin-error-response": "self.version",
                "guzzle/plugin-history": "self.version",
                "guzzle/plugin-log": "self.version",
                "guzzle/plugin-md5": "self.version",
                "guzzle/plugin-mock": "self.version",
                "guzzle/plugin-oauth": "self.version",
                "guzzle/service": "self.version",
                "guzzle/stream": "self.version"
            },
            "require-dev": {
                "doctrine/cache": "*",
                "monolog/monolog": "1.*",
                "phpunit/phpunit": "3.7.*",
                "psr/log": "1.0.*",
                "symfony/class-loader": "*",
                "zendframework/zend-cache": "<2.3",
                "zendframework/zend-log": "<2.3"
            },
            "type": "library",
            "extra": {
                "branch-alias": {
                    "dev-master": "3.8-dev"
                }
            },
            "autoload": {
                "psr-0": {
                    "Guzzle": "src/",
                    "Guzzle\\Tests": "tests/"
                }
            },
            "notification-url": "https://packagist.org/downloads/",
            "license": [
                "MIT"
            ],
            "authors": [
                {
                    "name": "Michael Dowling",
                    "email": "mtdowling@gmail.com",
                    "homepage": "https://github.com/mtdowling"
                },
                {
                    "name": "Guzzle Community",
                    "homepage": "https://github.com/guzzle/guzzle/contributors"
                }
            ],
            "description": "Guzzle is a PHP HTTP client library and framework for building RESTful web service clients",
            "homepage": "http://guzzlephp.org/",
            "keywords": [
                "client",
                "curl",
                "framework",
                "http",
                "http client",
                "rest",
                "web service"
            ],
            "time": "2014-01-29 18:20:08"
        },
        {
            "name": "phpunit/php-code-coverage",
            "version": "dev-master",
            "source": {
                "type": "git",
                "url": "https://github.com/sebastianbergmann/php-code-coverage.git",
                "reference": "9eb32fb88194ce7764d4e8f988aae42856d48572"
            },
            "dist": {
                "type": "zip",
                "url": "https://api.github.com/repos/sebastianbergmann/php-code-coverage/zipball/9eb32fb88194ce7764d4e8f988aae42856d48572",
                "reference": "9eb32fb88194ce7764d4e8f988aae42856d48572",
                "shasum": ""
            },
            "require": {
                "php": ">=5.3.3",
                "phpunit/php-file-iterator": ">=1.3.0",
                "phpunit/php-text-template": ">=1.1.1",
                "phpunit/php-token-stream": ">=1.1.3",
                "sebastian/version": ">=1.0.0"
            },
            "require-dev": {
                "ext-xdebug": ">=2.2.1",
                "phpunit/phpunit": "3.9.*@dev"
            },
            "suggest": {
                "ext-dom": "*",
                "ext-xdebug": ">=2.2.1"
            },
            "type": "library",
            "extra": {
                "branch-alias": {
                    "dev-master": "1.4.x-dev"
                }
            },
            "autoload": {
                "classmap": [
                    "src/"
                ]
            },
            "notification-url": "https://packagist.org/downloads/",
            "include-path": [
                ""
            ],
            "license": [
                "BSD-3-Clause"
            ],
            "authors": [
                {
                    "name": "Sebastian Bergmann",
                    "email": "sb@sebastian-bergmann.de",
                    "role": "lead"
                }
            ],
            "description": "Library that provides collection, processing, and rendering functionality for PHP code coverage information.",
            "homepage": "https://github.com/sebastianbergmann/php-code-coverage",
            "keywords": [
                "coverage",
                "testing",
                "xunit"
            ],
            "time": "2014-01-30 09:26:53"
        },
        {
            "name": "phpunit/php-file-iterator",
            "version": "dev-master",
            "source": {
                "type": "git",
                "url": "https://github.com/sebastianbergmann/php-file-iterator.git",
                "reference": "acd690379117b042d1c8af1fafd61bde001bf6bb"
            },
            "dist": {
                "type": "zip",
                "url": "https://api.github.com/repos/sebastianbergmann/php-file-iterator/zipball/acd690379117b042d1c8af1fafd61bde001bf6bb",
                "reference": "acd690379117b042d1c8af1fafd61bde001bf6bb",
                "shasum": ""
            },
            "require": {
                "php": ">=5.3.3"
            },
            "type": "library",
            "autoload": {
                "classmap": [
                    "File/"
                ]
            },
            "notification-url": "https://packagist.org/downloads/",
            "include-path": [
                ""
            ],
            "license": [
                "BSD-3-Clause"
            ],
            "authors": [
                {
                    "name": "Sebastian Bergmann",
                    "email": "sb@sebastian-bergmann.de",
                    "role": "lead"
                }
            ],
            "description": "FilterIterator implementation that filters files based on a list of suffixes.",
            "homepage": "https://github.com/sebastianbergmann/php-file-iterator/",
            "keywords": [
                "filesystem",
                "iterator"
            ],
            "time": "2013-10-10 15:34:57"
        },
        {
            "name": "phpunit/php-text-template",
            "version": "dev-master",
            "source": {
                "type": "git",
                "url": "https://github.com/sebastianbergmann/php-text-template.git",
                "reference": "1eeef106193d2f8c539728e566bb4793071a9e18"
            },
            "dist": {
                "type": "zip",
                "url": "https://api.github.com/repos/sebastianbergmann/php-text-template/zipball/1eeef106193d2f8c539728e566bb4793071a9e18",
                "reference": "1eeef106193d2f8c539728e566bb4793071a9e18",
                "shasum": ""
            },
            "require": {
                "php": ">=5.3.3"
            },
            "type": "library",
            "autoload": {
                "classmap": [
                    "Text/"
                ]
            },
            "notification-url": "https://packagist.org/downloads/",
            "include-path": [
                ""
            ],
            "license": [
                "BSD-3-Clause"
            ],
            "authors": [
                {
                    "name": "Sebastian Bergmann",
                    "email": "sb@sebastian-bergmann.de",
                    "role": "lead"
                }
            ],
            "description": "Simple template engine.",
            "homepage": "https://github.com/sebastianbergmann/php-text-template/",
            "keywords": [
                "template"
            ],
            "time": "2013-01-07 10:56:17"
        },
        {
            "name": "phpunit/php-timer",
            "version": "dev-master",
            "source": {
                "type": "git",
                "url": "https://github.com/sebastianbergmann/php-timer.git",
                "reference": "19689d4354b295ee3d8c54b4f42c3efb69cbc17c"
            },
            "dist": {
                "type": "zip",
                "url": "https://api.github.com/repos/sebastianbergmann/php-timer/zipball/19689d4354b295ee3d8c54b4f42c3efb69cbc17c",
                "reference": "19689d4354b295ee3d8c54b4f42c3efb69cbc17c",
                "shasum": ""
            },
            "require": {
                "php": ">=5.3.3"
            },
            "type": "library",
            "autoload": {
                "classmap": [
                    "PHP/"
                ]
            },
            "notification-url": "https://packagist.org/downloads/",
            "include-path": [
                ""
            ],
            "license": [
                "BSD-3-Clause"
            ],
            "authors": [
                {
                    "name": "Sebastian Bergmann",
                    "email": "sb@sebastian-bergmann.de",
                    "role": "lead"
                }
            ],
            "description": "Utility class for timing",
            "homepage": "https://github.com/sebastianbergmann/php-timer/",
            "keywords": [
                "timer"
            ],
            "time": "2013-08-02 07:42:54"
        },
        {
            "name": "phpunit/php-token-stream",
            "version": "dev-master",
            "source": {
                "type": "git",
                "url": "https://github.com/sebastianbergmann/php-token-stream.git",
                "reference": "292f4d5772dad5a12775be69f4a8dd663b20f103"
            },
            "dist": {
                "type": "zip",
                "url": "https://api.github.com/repos/sebastianbergmann/php-token-stream/zipball/292f4d5772dad5a12775be69f4a8dd663b20f103",
                "reference": "292f4d5772dad5a12775be69f4a8dd663b20f103",
                "shasum": ""
            },
            "require": {
                "ext-tokenizer": "*",
                "php": ">=5.3.3"
            },
            "type": "library",
            "extra": {
                "branch-alias": {
                    "dev-master": "1.2-dev"
                }
            },
            "autoload": {
                "classmap": [
                    "PHP/"
                ]
            },
            "notification-url": "https://packagist.org/downloads/",
            "include-path": [
                ""
            ],
            "license": [
                "BSD-3-Clause"
            ],
            "authors": [
                {
                    "name": "Sebastian Bergmann",
                    "email": "sb@sebastian-bergmann.de",
                    "role": "lead"
                }
            ],
            "description": "Wrapper around PHP's tokenizer extension.",
            "homepage": "https://github.com/sebastianbergmann/php-token-stream/",
            "keywords": [
                "tokenizer"
            ],
            "time": "2013-10-21 14:03:39"
        },
        {
            "name": "phpunit/phpunit",
            "version": "dev-master",
            "source": {
                "type": "git",
                "url": "https://github.com/sebastianbergmann/phpunit.git",
                "reference": "8dc1a690344a3f094a321f115f00be6f3c1cc543"
            },
            "dist": {
                "type": "zip",
                "url": "https://api.github.com/repos/sebastianbergmann/phpunit/zipball/8dc1a690344a3f094a321f115f00be6f3c1cc543",
                "reference": "8dc1a690344a3f094a321f115f00be6f3c1cc543",
                "shasum": ""
            },
            "require": {
                "ext-dom": "*",
                "ext-pcre": "*",
                "ext-reflection": "*",
                "ext-spl": "*",
                "php": ">=5.3.3",
                "phpunit/php-code-coverage": "1.4.*@dev",
                "phpunit/php-file-iterator": ">=1.3.1",
                "phpunit/php-text-template": ">=1.1.1",
                "phpunit/php-timer": ">=1.0.2",
                "phpunit/phpunit-mock-objects": "1.4.*@dev",
                "sebastian/diff": ">=1.1.0",
                "sebastian/exporter": ">=1.0.0",
                "sebastian/version": ">=1.0.0",
                "symfony/yaml": "~2.0"
            },
            "suggest": {
                "ext-json": "*",
                "ext-simplexml": "*",
                "ext-tokenizer": "*",
                "phpunit/php-invoker": ">=1.1.0"
            },
            "bin": [
                "phpunit"
            ],
            "type": "library",
            "extra": {
                "branch-alias": {
                    "dev-master": "3.9.x-dev"
                }
            },
            "autoload": {
                "classmap": [
                    "src/"
                ]
            },
            "notification-url": "https://packagist.org/downloads/",
            "include-path": [
                "",
                "../../symfony/yaml/"
            ],
            "license": [
                "BSD-3-Clause"
            ],
            "authors": [
                {
                    "name": "Sebastian Bergmann",
                    "email": "sebastian@phpunit.de",
                    "role": "lead"
                }
            ],
            "description": "The PHP Unit Testing framework.",
            "homepage": "http://www.phpunit.de/",
            "keywords": [
                "phpunit",
                "testing",
                "xunit"
            ],
            "time": "2014-01-30 09:26:16"
        },
        {
            "name": "phpunit/phpunit-mock-objects",
            "version": "dev-master",
            "source": {
                "type": "git",
                "url": "https://github.com/sebastianbergmann/phpunit-mock-objects.git",
                "reference": "43f78dd517e553e07664ef3190930eabde163c39"
            },
            "dist": {
                "type": "zip",
                "url": "https://api.github.com/repos/sebastianbergmann/phpunit-mock-objects/zipball/43f78dd517e553e07664ef3190930eabde163c39",
                "reference": "43f78dd517e553e07664ef3190930eabde163c39",
                "shasum": ""
            },
            "require": {
                "php": ">=5.4.7",
                "phpunit/php-text-template": ">=1.1.1"
            },
            "require-dev": {
                "phpunit/phpunit": "3.9.*@dev"
            },
            "suggest": {
                "ext-soap": "*"
            },
            "type": "library",
            "extra": {
                "branch-alias": {
                    "dev-master": "1.4.x-dev"
                }
            },
            "autoload": {
                "classmap": [
                    "src/"
                ]
            },
            "notification-url": "https://packagist.org/downloads/",
            "include-path": [
                ""
            ],
            "license": [
                "BSD-3-Clause"
            ],
            "authors": [
                {
                    "name": "Sebastian Bergmann",
                    "email": "sb@sebastian-bergmann.de",
                    "role": "lead"
                }
            ],
            "description": "Mock Object library for PHPUnit",
            "homepage": "https://github.com/sebastianbergmann/phpunit-mock-objects/",
            "keywords": [
                "mock",
                "xunit"
            ],
            "time": "2014-01-27 11:07:09"
        },
        {
            "name": "psr/log",
            "version": "1.0.0",
            "source": {
                "type": "git",
                "url": "https://github.com/php-fig/log.git",
                "reference": "fe0936ee26643249e916849d48e3a51d5f5e278b"
            },
            "dist": {
                "type": "zip",
                "url": "https://api.github.com/repos/php-fig/log/zipball/fe0936ee26643249e916849d48e3a51d5f5e278b",
                "reference": "fe0936ee26643249e916849d48e3a51d5f5e278b",
                "shasum": ""
            },
            "type": "library",
            "autoload": {
                "psr-0": {
                    "Psr\\Log\\": ""
                }
            },
            "notification-url": "https://packagist.org/downloads/",
            "license": [
                "MIT"
            ],
            "authors": [
                {
                    "name": "PHP-FIG",
                    "homepage": "http://www.php-fig.org/"
                }
            ],
            "description": "Common interface for logging libraries",
            "keywords": [
                "log",
                "psr",
                "psr-3"
            ],
            "time": "2012-12-21 11:40:51"
        },
        {
            "name": "satooshi/php-coveralls",
            "version": "dev-master",
            "source": {
                "type": "git",
                "url": "https://github.com/satooshi/php-coveralls.git",
                "reference": "c95c07e971e4b687718f54fc3447a260fb989e16"
            },
            "dist": {
                "type": "zip",
                "url": "https://api.github.com/repos/satooshi/php-coveralls/zipball/c95c07e971e4b687718f54fc3447a260fb989e16",
                "reference": "c95c07e971e4b687718f54fc3447a260fb989e16",
                "shasum": ""
            },
            "require": {
                "ext-json": "*",
                "ext-simplexml": "*",
                "guzzle/guzzle": ">=3.0",
                "php": ">=5.3",
                "psr/log": "1.0.0",
                "symfony/config": ">=2.0",
                "symfony/console": ">=2.0",
                "symfony/stopwatch": ">=2.2",
                "symfony/yaml": ">=2.0"
            },
            "require-dev": {
                "apigen/apigen": "2.8.*@stable",
                "pdepend/pdepend": "dev-master",
                "phpmd/phpmd": "dev-master",
                "phpunit/php-invoker": ">=1.1.0,<1.2.0",
                "phpunit/phpunit": "3.7.*@stable",
                "sebastian/finder-facade": "dev-master",
                "sebastian/phpcpd": "1.4.*@stable",
                "squizlabs/php_codesniffer": "1.4.*@stable",
                "theseer/fdomdocument": "dev-master"
            },
            "suggest": {
                "symfony/http-kernel": "Allows Symfony integration"
            },
            "bin": [
                "composer/bin/coveralls"
            ],
            "type": "library",
            "autoload": {
                "psr-0": {
                    "Satooshi\\Component": "src/",
                    "Satooshi\\Bundle": "src/"
                }
            },
            "notification-url": "https://packagist.org/downloads/",
            "license": [
                "MIT"
            ],
            "authors": [
                {
                    "name": "Kitamura Satoshi",
                    "email": "with.no.parachute@gmail.com",
                    "homepage": "https://www.facebook.com/satooshi.jp"
                }
            ],
            "description": "PHP client library for Coveralls API",
            "homepage": "https://github.com/satooshi/php-coveralls",
            "keywords": [
                "ci",
                "coverage",
                "github",
                "test"
            ],
            "time": "2013-07-25 11:22:39"
        },
        {
            "name": "sebastian/diff",
            "version": "dev-master",
            "source": {
                "type": "git",
                "url": "https://github.com/sebastianbergmann/diff.git",
                "reference": "1e091702a5a38e6b4c1ba9ca816e3dd343df2e2d"
            },
            "dist": {
                "type": "zip",
                "url": "https://api.github.com/repos/sebastianbergmann/diff/zipball/1e091702a5a38e6b4c1ba9ca816e3dd343df2e2d",
                "reference": "1e091702a5a38e6b4c1ba9ca816e3dd343df2e2d",
                "shasum": ""
            },
            "require": {
                "php": ">=5.3.3"
            },
            "type": "library",
            "extra": {
                "branch-alias": {
                    "dev-master": "1.1-dev"
                }
            },
            "autoload": {
                "classmap": [
                    "src/"
                ]
            },
            "notification-url": "https://packagist.org/downloads/",
            "license": [
                "BSD-3-Clause"
            ],
            "authors": [
                {
                    "name": "Sebastian Bergmann",
                    "email": "sebastian@phpunit.de",
                    "role": "lead"
                },
                {
                    "name": "Kore Nordmann",
                    "email": "mail@kore-nordmann.de"
                }
            ],
            "description": "Diff implementation",
            "homepage": "http://www.github.com/sebastianbergmann/diff",
            "keywords": [
                "diff"
            ],
            "time": "2013-08-03 16:46:33"
        },
        {
            "name": "sebastian/exporter",
            "version": "dev-master",
            "source": {
                "type": "git",
                "url": "https://github.com/sebastianbergmann/exporter.git",
                "reference": "c66626bdac66f74f6d3c19dcd7e41ef16f13a249"
            },
            "dist": {
                "type": "zip",
                "url": "https://api.github.com/repos/sebastianbergmann/exporter/zipball/c66626bdac66f74f6d3c19dcd7e41ef16f13a249",
                "reference": "c66626bdac66f74f6d3c19dcd7e41ef16f13a249",
                "shasum": ""
            },
            "require": {
                "php": ">=5.4.7"
            },
            "require-dev": {
                "phpunit/phpunit": "3.8.*@dev"
            },
            "type": "library",
            "extra": {
                "branch-alias": {
                    "dev-master": "1.0.x-dev"
                }
            },
            "autoload": {
                "classmap": [
                    "src/"
                ]
            },
            "notification-url": "https://packagist.org/downloads/",
            "license": [
                "BSD-3-Clause"
            ],
            "authors": [
                {
                    "name": "Sebastian Bergmann",
                    "email": "sebastian@phpunit.de",
                    "role": "lead"
                },
                {
                    "name": "Jeff Welch",
                    "email": "whatthejeff@gmail.com"
                },
                {
                    "name": "Volker Dusch",
                    "email": "github@wallbash.com"
                },
                {
                    "name": "Adam Harvey",
                    "email": "aharvey@php.net"
                },
                {
                    "name": "Bernhard Schussek",
                    "email": "bschussek@2bepublished.at"
                }
            ],
            "description": "Provides the functionality to export PHP variables for visualization",
            "homepage": "http://www.github.com/sebastianbergmann/exporter",
            "keywords": [
                "export",
                "exporter"
            ],
            "time": "2014-01-30 06:41:03"
        },
        {
            "name": "sebastian/version",
            "version": "dev-master",
            "source": {
                "type": "git",
                "url": "https://github.com/sebastianbergmann/version.git",
                "reference": "b5ed060223916b485002b02605e20ba04a741f03"
            },
            "dist": {
                "type": "zip",
                "url": "https://api.github.com/repos/sebastianbergmann/version/zipball/b5ed060223916b485002b02605e20ba04a741f03",
                "reference": "b5ed060223916b485002b02605e20ba04a741f03",
                "shasum": ""
            },
            "type": "library",
            "autoload": {
                "classmap": [
                    "src/"
                ]
            },
            "notification-url": "https://packagist.org/downloads/",
            "license": [
                "BSD-3-Clause"
            ],
            "authors": [
                {
                    "name": "Sebastian Bergmann",
                    "email": "sebastian@phpunit.de",
                    "role": "lead"
                }
            ],
            "description": "Library that helps with managing the version number of Git-hosted PHP projects",
            "homepage": "https://github.com/sebastianbergmann/version",
            "time": "2013-07-31 05:26:57"
        },
        {
            "name": "symfony/config",
            "version": "dev-master",
            "target-dir": "Symfony/Component/Config",
            "source": {
                "type": "git",
                "url": "https://github.com/symfony/Config.git",
                "reference": "bde2f7192a52dfd07cf5484ad65d719da28effba"
            },
            "dist": {
                "type": "zip",
                "url": "https://api.github.com/repos/symfony/Config/zipball/bde2f7192a52dfd07cf5484ad65d719da28effba",
                "reference": "bde2f7192a52dfd07cf5484ad65d719da28effba",
                "shasum": ""
            },
            "require": {
                "php": ">=5.3.3",
                "symfony/filesystem": "~2.3"
            },
            "type": "library",
            "extra": {
                "branch-alias": {
                    "dev-master": "2.5-dev"
                }
            },
            "autoload": {
                "psr-0": {
                    "Symfony\\Component\\Config\\": ""
                }
            },
            "notification-url": "https://packagist.org/downloads/",
            "license": [
                "MIT"
            ],
            "authors": [
                {
                    "name": "Fabien Potencier",
                    "email": "fabien@symfony.com"
                },
                {
                    "name": "Symfony Community",
                    "homepage": "http://symfony.com/contributors"
                }
            ],
            "description": "Symfony Config Component",
            "homepage": "http://symfony.com",
            "time": "2014-01-07 13:29:57"
        },
        {
            "name": "symfony/console",
            "version": "dev-master",
            "target-dir": "Symfony/Component/Console",
            "source": {
                "type": "git",
                "url": "https://github.com/symfony/Console.git",
                "reference": "47e82eadf64a81e0a778c7249c7292987f1bfcff"
            },
            "dist": {
                "type": "zip",
                "url": "https://api.github.com/repos/symfony/Console/zipball/47e82eadf64a81e0a778c7249c7292987f1bfcff",
                "reference": "47e82eadf64a81e0a778c7249c7292987f1bfcff",
                "shasum": ""
            },
            "require": {
                "php": ">=5.3.3"
            },
            "require-dev": {
                "symfony/event-dispatcher": "~2.1"
            },
            "suggest": {
                "symfony/event-dispatcher": ""
            },
            "type": "library",
            "extra": {
                "branch-alias": {
                    "dev-master": "2.5-dev"
                }
            },
            "autoload": {
                "psr-0": {
                    "Symfony\\Component\\Console\\": ""
                }
            },
            "notification-url": "https://packagist.org/downloads/",
            "license": [
                "MIT"
            ],
            "authors": [
                {
                    "name": "Fabien Potencier",
                    "email": "fabien@symfony.com"
                },
                {
                    "name": "Symfony Community",
                    "homepage": "http://symfony.com/contributors"
                }
            ],
            "description": "Symfony Console Component",
            "homepage": "http://symfony.com",
            "time": "2014-01-24 14:36:35"
        },
        {
            "name": "symfony/event-dispatcher",
            "version": "dev-master",
            "target-dir": "Symfony/Component/EventDispatcher",
            "source": {
                "type": "git",
                "url": "https://github.com/symfony/EventDispatcher.git",
                "reference": "a37a9430e2eafb6a66de240ac13f91b45b4c3d37"
            },
            "dist": {
                "type": "zip",
                "url": "https://api.github.com/repos/symfony/EventDispatcher/zipball/a37a9430e2eafb6a66de240ac13f91b45b4c3d37",
                "reference": "a37a9430e2eafb6a66de240ac13f91b45b4c3d37",
                "shasum": ""
            },
            "require": {
                "php": ">=5.3.3"
            },
            "require-dev": {
                "psr/log": "~1.0",
                "symfony/dependency-injection": "~2.0",
                "symfony/stopwatch": "~2.2"
            },
            "suggest": {
                "symfony/dependency-injection": "",
                "symfony/http-kernel": ""
            },
            "type": "library",
            "extra": {
                "branch-alias": {
                    "dev-master": "2.5-dev"
                }
            },
            "autoload": {
                "psr-0": {
                    "Symfony\\Component\\EventDispatcher\\": ""
                }
            },
            "notification-url": "https://packagist.org/downloads/",
            "license": [
                "MIT"
            ],
            "authors": [
                {
                    "name": "Fabien Potencier",
                    "email": "fabien@symfony.com"
                },
                {
                    "name": "Symfony Community",
                    "homepage": "http://symfony.com/contributors"
                }
            ],
            "description": "Symfony EventDispatcher Component",
            "homepage": "http://symfony.com",
            "time": "2014-01-07 13:29:57"
        },
        {
            "name": "symfony/filesystem",
            "version": "dev-master",
            "target-dir": "Symfony/Component/Filesystem",
            "source": {
                "type": "git",
                "url": "https://github.com/symfony/Filesystem.git",
                "reference": "e81f1b30eb9748c3f8e0de3a92ea210845cff0a9"
            },
            "dist": {
                "type": "zip",
                "url": "https://api.github.com/repos/symfony/Filesystem/zipball/e81f1b30eb9748c3f8e0de3a92ea210845cff0a9",
                "reference": "e81f1b30eb9748c3f8e0de3a92ea210845cff0a9",
                "shasum": ""
            },
            "require": {
                "php": ">=5.3.3"
            },
            "type": "library",
            "extra": {
                "branch-alias": {
                    "dev-master": "2.5-dev"
                }
            },
            "autoload": {
                "psr-0": {
                    "Symfony\\Component\\Filesystem\\": ""
                }
            },
            "notification-url": "https://packagist.org/downloads/",
            "license": [
                "MIT"
            ],
            "authors": [
                {
                    "name": "Fabien Potencier",
                    "email": "fabien@symfony.com"
                },
                {
                    "name": "Symfony Community",
                    "homepage": "http://symfony.com/contributors"
                }
            ],
            "description": "Symfony Filesystem Component",
            "homepage": "http://symfony.com",
            "time": "2014-01-07 13:29:57"
        },
        {
            "name": "symfony/stopwatch",
            "version": "dev-master",
            "target-dir": "Symfony/Component/Stopwatch",
            "source": {
                "type": "git",
                "url": "https://github.com/symfony/Stopwatch.git",
                "reference": "21a5c7490347b3128daae7f44dfa36aaacb624f9"
            },
            "dist": {
                "type": "zip",
                "url": "https://api.github.com/repos/symfony/Stopwatch/zipball/21a5c7490347b3128daae7f44dfa36aaacb624f9",
                "reference": "21a5c7490347b3128daae7f44dfa36aaacb624f9",
                "shasum": ""
            },
            "require": {
                "php": ">=5.3.3"
            },
            "type": "library",
            "extra": {
                "branch-alias": {
                    "dev-master": "2.5-dev"
                }
            },
            "autoload": {
                "psr-0": {
                    "Symfony\\Component\\Stopwatch\\": ""
                }
            },
            "notification-url": "https://packagist.org/downloads/",
            "license": [
                "MIT"
            ],
            "authors": [
                {
                    "name": "Fabien Potencier",
                    "email": "fabien@symfony.com"
                },
                {
                    "name": "Symfony Community",
                    "homepage": "http://symfony.com/contributors"
                }
            ],
            "description": "Symfony Stopwatch Component",
            "homepage": "http://symfony.com",
            "time": "2014-01-07 13:29:57"
        },
        {
            "name": "symfony/yaml",
            "version": "dev-master",
            "target-dir": "Symfony/Component/Yaml",
            "source": {
                "type": "git",
                "url": "https://github.com/symfony/Yaml.git",
                "reference": "9921872611710df49cf035c259e5a461ea2d0f8c"
            },
            "dist": {
                "type": "zip",
                "url": "https://api.github.com/repos/symfony/Yaml/zipball/9921872611710df49cf035c259e5a461ea2d0f8c",
                "reference": "9921872611710df49cf035c259e5a461ea2d0f8c",
                "shasum": ""
            },
            "require": {
                "php": ">=5.3.3"
            },
            "type": "library",
            "extra": {
                "branch-alias": {
                    "dev-master": "2.5-dev"
                }
            },
            "autoload": {
                "psr-0": {
                    "Symfony\\Component\\Yaml\\": ""
                }
            },
            "notification-url": "https://packagist.org/downloads/",
            "license": [
                "MIT"
            ],
            "authors": [
                {
                    "name": "Fabien Potencier",
                    "email": "fabien@symfony.com"
                },
                {
                    "name": "Symfony Community",
                    "homepage": "http://symfony.com/contributors"
                }
            ],
            "description": "Symfony Yaml Component",
            "homepage": "http://symfony.com",
            "time": "2014-01-07 13:29:57"
        }
    ],
    "aliases": [

    ],
    "minimum-stability": "dev",
    "stability-flags": {
        "michaldudek/foundation": 20,
        "doctrine/collections": 20,
        "phpunit/phpunit": 20,
        "satooshi/php-coveralls": 20
    },
    "platform": [

    ],
    "platform-dev": [

    ]
}
